
Microsoft Visual Studio Solution File, Format Version 12.00
# Visual Studio Version 17
VisualStudioVersion = 17.0.31903.59
MinimumVisualStudioVersion = 10.0.40219.1
Project("{2150E333-8FDC-42A3-9474-1A3956D46DE8}") = "Src", "Src", "{2566972F-C6AA-4862-885E-644C5F4601D1}"
EndProject
Project("{2150E333-8FDC-42A3-9474-1A3956D46DE8}") = "Test", "Test", "{44E67941-2CB3-46EF-B30A-6A4A01523FFA}"
EndProject
Project("{2150E333-8FDC-42A3-9474-1A3956D46DE8}") = "Base", "Base", "{F65DF711-1138-49DD-A70C-899EB64D9A59}"
EndProject
Project("{2150E333-8FDC-42A3-9474-1A3956D46DE8}") = "UI", "UI", "{53F52BA6-3AA4-438E-B32A-91191DA1C179}"
EndProject
Project("{9A19103F-16F7-4668-BE54-9A1E7A4F7556}") = "Application", "AuthServer\Src\Base\Application\Application.csproj", "{B24961C9-985E-46CC-B75C-4C64A4E8900B}"
EndProject
Project("{9A19103F-16F7-4668-BE54-9A1E7A4F7556}") = "Common", "AuthServer\Src\Base\Common\Common.csproj", "{93922242-8744-485C-AE0C-EE0584CDA441}"
EndProject
Project("{9A19103F-16F7-4668-BE54-9A1E7A4F7556}") = "Domain", "AuthServer\Src\Base\Domain\Domain.csproj", "{1E1A1553-88E6-4B36-A1BA-32ECE137FD08}"
EndProject
Project("{9A19103F-16F7-4668-BE54-9A1E7A4F7556}") = "Infrastructure", "AuthServer\Src\Base\Infrastructure\Infrastructure.csproj", "{B9ACE188-6ACE-411A-9D6B-71D107D061E0}"
EndProject
Project("{9A19103F-16F7-4668-BE54-9A1E7A4F7556}") = "PublicApi", "AuthServer\Src\UI\PublicApi\PublicApi.csproj", "{D917F4E9-9FD0-4C1D-8D7D-6BF600B605B4}"
EndProject
Project("{9A19103F-16F7-4668-BE54-9A1E7A4F7556}") = "Acceptance.Test", "AuthServer\Src\Test\Acceptance.Test\Acceptance.Test\Acceptance.Test.csproj", "{3FC5FCB9-B104-43FA-99C6-92BE05220810}"
EndProject
Project("{9A19103F-16F7-4668-BE54-9A1E7A4F7556}") = "Common.Test", "AuthServer\Src\Test\Common.Test\Common.Test.csproj", "{2FE039D8-1828-47BC-838E-68C9FAF0B3B8}"
EndProject
Project("{9A19103F-16F7-4668-BE54-9A1E7A4F7556}") = "Domain.Test", "AuthServer\Src\Test\Domain.Test\Domain.Test.csproj", "{63BED32F-F351-4D05-B43A-B063C9F75136}"
EndProject
Project("{9A19103F-16F7-4668-BE54-9A1E7A4F7556}") = "IntegrationTests", "AuthServer\Src\Test\IntegrationTests\IntegrationTests.csproj", "{7E5287D2-F9CE-48E2-A8E4-5E9A71AE6CCF}"
EndProject
Project("{9A19103F-16F7-4668-BE54-9A1E7A4F7556}") = "Test.Application", "AuthServer\Src\Test\Test.Application\Test.Application.csproj", "{6062226B-7C77-4A79-8D45-809DE6879B95}"
EndProject
Project("{9A19103F-16F7-4668-BE54-9A1E7A4F7556}") = "Models", "AuthServer\Src\Base\Models\Models.csproj", "{B101B6DC-22DF-4D50-A43D-69324E4B671A}"
EndProject
Project("{2150E333-8FDC-42A3-9474-1A3956D46DE8}") = "AuthServer", "AuthServer", "{6448A055-6F44-43E8-BFCD-151E9824AD59}"
EndProject
Project("{2150E333-8FDC-42A3-9474-1A3956D46DE8}") = "APIGateway", "APIGateway", "{D9368EA6-E6CA-4BAF-8772-EE24ECBAA924}"
EndProject
Project("{2150E333-8FDC-42A3-9474-1A3956D46DE8}") = "Src", "Src", "{2A8E49D1-3512-4733-896C-31D86DCE1A7C}"
EndProject
Project("{9A19103F-16F7-4668-BE54-9A1E7A4F7556}") = "APIGateway", "APIGateway\APIGateway\APIGateway.csproj", "{BFD5E9C2-F3FC-4E8A-8443-A43099668B8B}"
EndProject
Project("{2150E333-8FDC-42A3-9474-1A3956D46DE8}") = "CustomerService", "CustomerService", "{75A6B961-4E2D-4276-896A-56E260FE5878}"
EndProject
Project("{2150E333-8FDC-42A3-9474-1A3956D46DE8}") = "TransactionService", "TransactionService", "{721558BA-CA09-4889-821F-862CB15F9515}"
EndProject
Project("{2150E333-8FDC-42A3-9474-1A3956D46DE8}") = "Src", "Src", "{2ACABCD4-68DD-4A8C-800C-58564C0BBC79}"
EndProject
Project("{2150E333-8FDC-42A3-9474-1A3956D46DE8}") = "Src", "Src", "{FC897EE9-7729-4437-863F-A79CC5DF6F8D}"
EndProject
Project("{2150E333-8FDC-42A3-9474-1A3956D46DE8}") = "Base", "Base", "{13662C3C-2A54-4ECF-8A27-DA33EB8AC74D}"
EndProject
Project("{2150E333-8FDC-42A3-9474-1A3956D46DE8}") = "Test", "Test", "{6278ECCD-31E5-478E-AD0D-30746FF483C1}"
EndProject
Project("{2150E333-8FDC-42A3-9474-1A3956D46DE8}") = "UI", "UI", "{5242E391-05D6-4260-8BFC-E9C611CB8ADB}"
EndProject
Project("{2150E333-8FDC-42A3-9474-1A3956D46DE8}") = "Base", "Base", "{2A87C6C5-AA99-4670-BAC3-AEAE408B105E}"
EndProject
Project("{2150E333-8FDC-42A3-9474-1A3956D46DE8}") = "Test", "Test", "{50BC9D62-BE1C-4D76-84D2-DEC3269B0A6F}"
EndProject
Project("{2150E333-8FDC-42A3-9474-1A3956D46DE8}") = "UI", "UI", "{A60B83A1-BE5D-4578-9786-EA448F4BA57F}"
EndProject
Project("{9A19103F-16F7-4668-BE54-9A1E7A4F7556}") = "Application", "CustomerService\Src\Base\Application\Application.csproj", "{A6114C18-47C3-40FA-8BD3-630661383616}"
EndProject
Project("{9A19103F-16F7-4668-BE54-9A1E7A4F7556}") = "Common", "CustomerService\Src\Base\Common\Common.csproj", "{951BBD0D-3F50-4A4A-A7D6-2BC54BD10421}"
EndProject
Project("{9A19103F-16F7-4668-BE54-9A1E7A4F7556}") = "Domain", "CustomerService\Src\Base\Domain\Domain.csproj", "{92C6A62B-4429-4EA2-9629-57CC5DFD669A}"
EndProject
Project("{9A19103F-16F7-4668-BE54-9A1E7A4F7556}") = "Infrastructure", "CustomerService\Src\Base\Infrastructure\Infrastructure.csproj", "{7B29D9C0-FAE9-4C6A-BF1F-5854024F9A8F}"
EndProject
Project("{9A19103F-16F7-4668-BE54-9A1E7A4F7556}") = "Models", "CustomerService\Src\Base\Models\Models.csproj", "{3F10F928-F882-43C5-949C-BDF7B97CC775}"
EndProject
Project("{9A19103F-16F7-4668-BE54-9A1E7A4F7556}") = "Acceptance.Test", "CustomerService\Src\Test\Acceptance.Test\Acceptance.Test\Acceptance.Test.csproj", "{8233CABA-B287-492E-B471-43C57905A649}"
EndProject
Project("{9A19103F-16F7-4668-BE54-9A1E7A4F7556}") = "Common.Test", "CustomerService\Src\Test\Common.Test\Common.Test.csproj", "{46AC73E1-9914-4E53-BD9D-2AEFB8C54979}"
EndProject
Project("{9A19103F-16F7-4668-BE54-9A1E7A4F7556}") = "Domain.Test", "CustomerService\Src\Test\Domain.Test\Domain.Test.csproj", "{0526DBAF-67D3-4A83-A159-E47A7E6BE712}"
EndProject
Project("{9A19103F-16F7-4668-BE54-9A1E7A4F7556}") = "IntegrationTests", "CustomerService\Src\Test\IntegrationTests\IntegrationTests.csproj", "{BDA014D0-066F-4AA4-A896-A7223DC2B32E}"
EndProject
Project("{9A19103F-16F7-4668-BE54-9A1E7A4F7556}") = "Test.Application", "CustomerService\Src\Test\Test.Application\Test.Application.csproj", "{D9321792-C082-44BB-BDE8-DEC7422F36DD}"
EndProject
Project("{9A19103F-16F7-4668-BE54-9A1E7A4F7556}") = "PublicApi", "CustomerService\Src\UI\PublicApi\PublicApi.csproj", "{CA1607A2-B8E8-4FC7-96F9-43CD4B3CA1F8}"
EndProject
Project("{9A19103F-16F7-4668-BE54-9A1E7A4F7556}") = "Application", "TransactionService\Src\Base\Application\Application.csproj", "{A37BF8B9-75FC-4F97-8B1E-AB2CEE370999}"
EndProject
Project("{9A19103F-16F7-4668-BE54-9A1E7A4F7556}") = "Common", "TransactionService\Src\Base\Common\Common.csproj", "{57651C90-BB54-4DAF-9560-36C592E9269B}"
EndProject
Project("{9A19103F-16F7-4668-BE54-9A1E7A4F7556}") = "Domain", "TransactionService\Src\Base\Domain\Domain.csproj", "{4BCD502F-41B8-4AC5-94F3-E6CF5B8F25FC}"
EndProject
Project("{9A19103F-16F7-4668-BE54-9A1E7A4F7556}") = "Infrastructure", "TransactionService\Src\Base\Infrastructure\Infrastructure.csproj", "{8FCAD225-7A57-4144-83C2-C7568E67F362}"
EndProject
Project("{9A19103F-16F7-4668-BE54-9A1E7A4F7556}") = "Models", "TransactionService\Src\Base\Models\Models.csproj", "{9201C0C3-8BA2-441B-9802-2D74C0249101}"
EndProject
Project("{9A19103F-16F7-4668-BE54-9A1E7A4F7556}") = "Acceptance.Test", "TransactionService\Src\Test\Acceptance.Test\Acceptance.Test\Acceptance.Test.csproj", "{E68AAC3B-9529-40D2-8453-A287225F6501}"
EndProject
Project("{9A19103F-16F7-4668-BE54-9A1E7A4F7556}") = "Common.Test", "TransactionService\Src\Test\Common.Test\Common.Test.csproj", "{99AC2E4C-3EF6-48E2-B201-658E4B5B38E2}"
EndProject
Project("{9A19103F-16F7-4668-BE54-9A1E7A4F7556}") = "Domain.Test", "TransactionService\Src\Test\Domain.Test\Domain.Test.csproj", "{9185826A-5A00-449F-B555-BB63B1967451}"
EndProject
Project("{9A19103F-16F7-4668-BE54-9A1E7A4F7556}") = "IntegrationTests", "TransactionService\Src\Test\IntegrationTests\IntegrationTests.csproj", "{57737FDC-A75C-4DC7-8739-C0D3D1E1C6D5}"
EndProject
Project("{9A19103F-16F7-4668-BE54-9A1E7A4F7556}") = "Test.Application", "TransactionService\Src\Test\Test.Application\Test.Application.csproj", "{5BF1F12C-FAAA-4289-86E7-491FA94087D8}"
EndProject
Project("{9A19103F-16F7-4668-BE54-9A1E7A4F7556}") = "PublicApi", "TransactionService\Src\UI\PublicApi\PublicApi.csproj", "{6C7711BA-90DD-4623-89D1-43533F5AF93F}"
EndProject
Global
	GlobalSection(SolutionConfigurationPlatforms) = preSolution
		Debug|Any CPU = Debug|Any CPU
		Release|Any CPU = Release|Any CPU
	EndGlobalSection
	GlobalSection(ProjectConfigurationPlatforms) = postSolution
		{B24961C9-985E-46CC-B75C-4C64A4E8900B}.Debug|Any CPU.ActiveCfg = Debug|Any CPU
		{B24961C9-985E-46CC-B75C-4C64A4E8900B}.Debug|Any CPU.Build.0 = Debug|Any CPU
		{B24961C9-985E-46CC-B75C-4C64A4E8900B}.Release|Any CPU.ActiveCfg = Release|Any CPU
		{B24961C9-985E-46CC-B75C-4C64A4E8900B}.Release|Any CPU.Build.0 = Release|Any CPU
		{93922242-8744-485C-AE0C-EE0584CDA441}.Debug|Any CPU.ActiveCfg = Debug|Any CPU
		{93922242-8744-485C-AE0C-EE0584CDA441}.Debug|Any CPU.Build.0 = Debug|Any CPU
		{93922242-8744-485C-AE0C-EE0584CDA441}.Release|Any CPU.ActiveCfg = Release|Any CPU
		{93922242-8744-485C-AE0C-EE0584CDA441}.Release|Any CPU.Build.0 = Release|Any CPU
		{1E1A1553-88E6-4B36-A1BA-32ECE137FD08}.Debug|Any CPU.ActiveCfg = Debug|Any CPU
		{1E1A1553-88E6-4B36-A1BA-32ECE137FD08}.Debug|Any CPU.Build.0 = Debug|Any CPU
		{1E1A1553-88E6-4B36-A1BA-32ECE137FD08}.Release|Any CPU.ActiveCfg = Release|Any CPU
		{1E1A1553-88E6-4B36-A1BA-32ECE137FD08}.Release|Any CPU.Build.0 = Release|Any CPU
		{B9ACE188-6ACE-411A-9D6B-71D107D061E0}.Debug|Any CPU.ActiveCfg = Debug|Any CPU
		{B9ACE188-6ACE-411A-9D6B-71D107D061E0}.Debug|Any CPU.Build.0 = Debug|Any CPU
		{B9ACE188-6ACE-411A-9D6B-71D107D061E0}.Release|Any CPU.ActiveCfg = Release|Any CPU
		{B9ACE188-6ACE-411A-9D6B-71D107D061E0}.Release|Any CPU.Build.0 = Release|Any CPU
		{D917F4E9-9FD0-4C1D-8D7D-6BF600B605B4}.Debug|Any CPU.ActiveCfg = Debug|Any CPU
		{D917F4E9-9FD0-4C1D-8D7D-6BF600B605B4}.Debug|Any CPU.Build.0 = Debug|Any CPU
		{D917F4E9-9FD0-4C1D-8D7D-6BF600B605B4}.Release|Any CPU.ActiveCfg = Release|Any CPU
		{D917F4E9-9FD0-4C1D-8D7D-6BF600B605B4}.Release|Any CPU.Build.0 = Release|Any CPU
		{3FC5FCB9-B104-43FA-99C6-92BE05220810}.Debug|Any CPU.ActiveCfg = Debug|Any CPU
		{3FC5FCB9-B104-43FA-99C6-92BE05220810}.Debug|Any CPU.Build.0 = Debug|Any CPU
		{3FC5FCB9-B104-43FA-99C6-92BE05220810}.Release|Any CPU.ActiveCfg = Release|Any CPU
		{3FC5FCB9-B104-43FA-99C6-92BE05220810}.Release|Any CPU.Build.0 = Release|Any CPU
		{2FE039D8-1828-47BC-838E-68C9FAF0B3B8}.Debug|Any CPU.ActiveCfg = Debug|Any CPU
		{2FE039D8-1828-47BC-838E-68C9FAF0B3B8}.Debug|Any CPU.Build.0 = Debug|Any CPU
		{2FE039D8-1828-47BC-838E-68C9FAF0B3B8}.Release|Any CPU.ActiveCfg = Release|Any CPU
		{2FE039D8-1828-47BC-838E-68C9FAF0B3B8}.Release|Any CPU.Build.0 = Release|Any CPU
		{63BED32F-F351-4D05-B43A-B063C9F75136}.Debug|Any CPU.ActiveCfg = Debug|Any CPU
		{63BED32F-F351-4D05-B43A-B063C9F75136}.Debug|Any CPU.Build.0 = Debug|Any CPU
		{63BED32F-F351-4D05-B43A-B063C9F75136}.Release|Any CPU.ActiveCfg = Release|Any CPU
		{63BED32F-F351-4D05-B43A-B063C9F75136}.Release|Any CPU.Build.0 = Release|Any CPU
		{7E5287D2-F9CE-48E2-A8E4-5E9A71AE6CCF}.Debug|Any CPU.ActiveCfg = Debug|Any CPU
		{7E5287D2-F9CE-48E2-A8E4-5E9A71AE6CCF}.Debug|Any CPU.Build.0 = Debug|Any CPU
		{7E5287D2-F9CE-48E2-A8E4-5E9A71AE6CCF}.Release|Any CPU.ActiveCfg = Release|Any CPU
		{7E5287D2-F9CE-48E2-A8E4-5E9A71AE6CCF}.Release|Any CPU.Build.0 = Release|Any CPU
		{6062226B-7C77-4A79-8D45-809DE6879B95}.Debug|Any CPU.ActiveCfg = Debug|Any CPU
		{6062226B-7C77-4A79-8D45-809DE6879B95}.Debug|Any CPU.Build.0 = Debug|Any CPU
		{6062226B-7C77-4A79-8D45-809DE6879B95}.Release|Any CPU.ActiveCfg = Release|Any CPU
		{6062226B-7C77-4A79-8D45-809DE6879B95}.Release|Any CPU.Build.0 = Release|Any CPU
		{B101B6DC-22DF-4D50-A43D-69324E4B671A}.Debug|Any CPU.ActiveCfg = Debug|Any CPU
		{B101B6DC-22DF-4D50-A43D-69324E4B671A}.Debug|Any CPU.Build.0 = Debug|Any CPU
		{B101B6DC-22DF-4D50-A43D-69324E4B671A}.Release|Any CPU.ActiveCfg = Release|Any CPU
		{B101B6DC-22DF-4D50-A43D-69324E4B671A}.Release|Any CPU.Build.0 = Release|Any CPU
		{BFD5E9C2-F3FC-4E8A-8443-A43099668B8B}.Debug|Any CPU.ActiveCfg = Debug|Any CPU
		{BFD5E9C2-F3FC-4E8A-8443-A43099668B8B}.Debug|Any CPU.Build.0 = Debug|Any CPU
		{BFD5E9C2-F3FC-4E8A-8443-A43099668B8B}.Release|Any CPU.ActiveCfg = Release|Any CPU
		{BFD5E9C2-F3FC-4E8A-8443-A43099668B8B}.Release|Any CPU.Build.0 = Release|Any CPU
		{A6114C18-47C3-40FA-8BD3-630661383616}.Debug|Any CPU.ActiveCfg = Debug|Any CPU
		{A6114C18-47C3-40FA-8BD3-630661383616}.Debug|Any CPU.Build.0 = Debug|Any CPU
		{A6114C18-47C3-40FA-8BD3-630661383616}.Release|Any CPU.ActiveCfg = Release|Any CPU
		{A6114C18-47C3-40FA-8BD3-630661383616}.Release|Any CPU.Build.0 = Release|Any CPU
		{951BBD0D-3F50-4A4A-A7D6-2BC54BD10421}.Debug|Any CPU.ActiveCfg = Debug|Any CPU
		{951BBD0D-3F50-4A4A-A7D6-2BC54BD10421}.Debug|Any CPU.Build.0 = Debug|Any CPU
		{951BBD0D-3F50-4A4A-A7D6-2BC54BD10421}.Release|Any CPU.ActiveCfg = Release|Any CPU
		{951BBD0D-3F50-4A4A-A7D6-2BC54BD10421}.Release|Any CPU.Build.0 = Release|Any CPU
		{92C6A62B-4429-4EA2-9629-57CC5DFD669A}.Debug|Any CPU.ActiveCfg = Debug|Any CPU
		{92C6A62B-4429-4EA2-9629-57CC5DFD669A}.Debug|Any CPU.Build.0 = Debug|Any CPU
		{92C6A62B-4429-4EA2-9629-57CC5DFD669A}.Release|Any CPU.ActiveCfg = Release|Any CPU
		{92C6A62B-4429-4EA2-9629-57CC5DFD669A}.Release|Any CPU.Build.0 = Release|Any CPU
		{7B29D9C0-FAE9-4C6A-BF1F-5854024F9A8F}.Debug|Any CPU.ActiveCfg = Debug|Any CPU
		{7B29D9C0-FAE9-4C6A-BF1F-5854024F9A8F}.Debug|Any CPU.Build.0 = Debug|Any CPU
		{7B29D9C0-FAE9-4C6A-BF1F-5854024F9A8F}.Release|Any CPU.ActiveCfg = Release|Any CPU
		{7B29D9C0-FAE9-4C6A-BF1F-5854024F9A8F}.Release|Any CPU.Build.0 = Release|Any CPU
		{3F10F928-F882-43C5-949C-BDF7B97CC775}.Debug|Any CPU.ActiveCfg = Debug|Any CPU
		{3F10F928-F882-43C5-949C-BDF7B97CC775}.Debug|Any CPU.Build.0 = Debug|Any CPU
		{3F10F928-F882-43C5-949C-BDF7B97CC775}.Release|Any CPU.ActiveCfg = Release|Any CPU
		{3F10F928-F882-43C5-949C-BDF7B97CC775}.Release|Any CPU.Build.0 = Release|Any CPU
		{8233CABA-B287-492E-B471-43C57905A649}.Debug|Any CPU.ActiveCfg = Debug|Any CPU
		{8233CABA-B287-492E-B471-43C57905A649}.Debug|Any CPU.Build.0 = Debug|Any CPU
		{8233CABA-B287-492E-B471-43C57905A649}.Release|Any CPU.ActiveCfg = Release|Any CPU
		{8233CABA-B287-492E-B471-43C57905A649}.Release|Any CPU.Build.0 = Release|Any CPU
		{46AC73E1-9914-4E53-BD9D-2AEFB8C54979}.Debug|Any CPU.ActiveCfg = Debug|Any CPU
		{46AC73E1-9914-4E53-BD9D-2AEFB8C54979}.Debug|Any CPU.Build.0 = Debug|Any CPU
		{46AC73E1-9914-4E53-BD9D-2AEFB8C54979}.Release|Any CPU.ActiveCfg = Release|Any CPU
		{46AC73E1-9914-4E53-BD9D-2AEFB8C54979}.Release|Any CPU.Build.0 = Release|Any CPU
		{0526DBAF-67D3-4A83-A159-E47A7E6BE712}.Debug|Any CPU.ActiveCfg = Debug|Any CPU
		{0526DBAF-67D3-4A83-A159-E47A7E6BE712}.Debug|Any CPU.Build.0 = Debug|Any CPU
		{0526DBAF-67D3-4A83-A159-E47A7E6BE712}.Release|Any CPU.ActiveCfg = Release|Any CPU
		{0526DBAF-67D3-4A83-A159-E47A7E6BE712}.Release|Any CPU.Build.0 = Release|Any CPU
		{BDA014D0-066F-4AA4-A896-A7223DC2B32E}.Debug|Any CPU.ActiveCfg = Debug|Any CPU
		{BDA014D0-066F-4AA4-A896-A7223DC2B32E}.Debug|Any CPU.Build.0 = Debug|Any CPU
		{BDA014D0-066F-4AA4-A896-A7223DC2B32E}.Release|Any CPU.ActiveCfg = Release|Any CPU
		{BDA014D0-066F-4AA4-A896-A7223DC2B32E}.Release|Any CPU.Build.0 = Release|Any CPU
		{D9321792-C082-44BB-BDE8-DEC7422F36DD}.Debug|Any CPU.ActiveCfg = Debug|Any CPU
		{D9321792-C082-44BB-BDE8-DEC7422F36DD}.Debug|Any CPU.Build.0 = Debug|Any CPU
		{D9321792-C082-44BB-BDE8-DEC7422F36DD}.Release|Any CPU.ActiveCfg = Release|Any CPU
		{D9321792-C082-44BB-BDE8-DEC7422F36DD}.Release|Any CPU.Build.0 = Release|Any CPU
		{CA1607A2-B8E8-4FC7-96F9-43CD4B3CA1F8}.Debug|Any CPU.ActiveCfg = Debug|Any CPU
		{CA1607A2-B8E8-4FC7-96F9-43CD4B3CA1F8}.Debug|Any CPU.Build.0 = Debug|Any CPU
		{CA1607A2-B8E8-4FC7-96F9-43CD4B3CA1F8}.Release|Any CPU.ActiveCfg = Release|Any CPU
		{CA1607A2-B8E8-4FC7-96F9-43CD4B3CA1F8}.Release|Any CPU.Build.0 = Release|Any CPU
		{A37BF8B9-75FC-4F97-8B1E-AB2CEE370999}.Debug|Any CPU.ActiveCfg = Debug|Any CPU
		{A37BF8B9-75FC-4F97-8B1E-AB2CEE370999}.Debug|Any CPU.Build.0 = Debug|Any CPU
		{A37BF8B9-75FC-4F97-8B1E-AB2CEE370999}.Release|Any CPU.ActiveCfg = Release|Any CPU
		{A37BF8B9-75FC-4F97-8B1E-AB2CEE370999}.Release|Any CPU.Build.0 = Release|Any CPU
		{57651C90-BB54-4DAF-9560-36C592E9269B}.Debug|Any CPU.ActiveCfg = Debug|Any CPU
		{57651C90-BB54-4DAF-9560-36C592E9269B}.Debug|Any CPU.Build.0 = Debug|Any CPU
		{57651C90-BB54-4DAF-9560-36C592E9269B}.Release|Any CPU.ActiveCfg = Release|Any CPU
		{57651C90-BB54-4DAF-9560-36C592E9269B}.Release|Any CPU.Build.0 = Release|Any CPU
		{4BCD502F-41B8-4AC5-94F3-E6CF5B8F25FC}.Debug|Any CPU.ActiveCfg = Debug|Any CPU
		{4BCD502F-41B8-4AC5-94F3-E6CF5B8F25FC}.Debug|Any CPU.Build.0 = Debug|Any CPU
		{4BCD502F-41B8-4AC5-94F3-E6CF5B8F25FC}.Release|Any CPU.ActiveCfg = Release|Any CPU
		{4BCD502F-41B8-4AC5-94F3-E6CF5B8F25FC}.Release|Any CPU.Build.0 = Release|Any CPU
		{8FCAD225-7A57-4144-83C2-C7568E67F362}.Debug|Any CPU.ActiveCfg = Debug|Any CPU
		{8FCAD225-7A57-4144-83C2-C7568E67F362}.Debug|Any CPU.Build.0 = Debug|Any CPU
		{8FCAD225-7A57-4144-83C2-C7568E67F362}.Release|Any CPU.ActiveCfg = Release|Any CPU
		{8FCAD225-7A57-4144-83C2-C7568E67F362}.Release|Any CPU.Build.0 = Release|Any CPU
		{9201C0C3-8BA2-441B-9802-2D74C0249101}.Debug|Any CPU.ActiveCfg = Debug|Any CPU
		{9201C0C3-8BA2-441B-9802-2D74C0249101}.Debug|Any CPU.Build.0 = Debug|Any CPU
		{9201C0C3-8BA2-441B-9802-2D74C0249101}.Release|Any CPU.ActiveCfg = Release|Any CPU
		{9201C0C3-8BA2-441B-9802-2D74C0249101}.Release|Any CPU.Build.0 = Release|Any CPU
		{E68AAC3B-9529-40D2-8453-A287225F6501}.Debug|Any CPU.ActiveCfg = Debug|Any CPU
		{E68AAC3B-9529-40D2-8453-A287225F6501}.Debug|Any CPU.Build.0 = Debug|Any CPU
		{E68AAC3B-9529-40D2-8453-A287225F6501}.Release|Any CPU.ActiveCfg = Release|Any CPU
		{E68AAC3B-9529-40D2-8453-A287225F6501}.Release|Any CPU.Build.0 = Release|Any CPU
		{99AC2E4C-3EF6-48E2-B201-658E4B5B38E2}.Debug|Any CPU.ActiveCfg = Debug|Any CPU
		{99AC2E4C-3EF6-48E2-B201-658E4B5B38E2}.Debug|Any CPU.Build.0 = Debug|Any CPU
		{99AC2E4C-3EF6-48E2-B201-658E4B5B38E2}.Release|Any CPU.ActiveCfg = Release|Any CPU
		{99AC2E4C-3EF6-48E2-B201-658E4B5B38E2}.Release|Any CPU.Build.0 = Release|Any CPU
		{9185826A-5A00-449F-B555-BB63B1967451}.Debug|Any CPU.ActiveCfg = Debug|Any CPU
		{9185826A-5A00-449F-B555-BB63B1967451}.Debug|Any CPU.Build.0 = Debug|Any CPU
		{9185826A-5A00-449F-B555-BB63B1967451}.Release|Any CPU.ActiveCfg = Release|Any CPU
		{9185826A-5A00-449F-B555-BB63B1967451}.Release|Any CPU.Build.0 = Release|Any CPU
		{57737FDC-A75C-4DC7-8739-C0D3D1E1C6D5}.Debug|Any CPU.ActiveCfg = Debug|Any CPU
		{57737FDC-A75C-4DC7-8739-C0D3D1E1C6D5}.Debug|Any CPU.Build.0 = Debug|Any CPU
		{57737FDC-A75C-4DC7-8739-C0D3D1E1C6D5}.Release|Any CPU.ActiveCfg = Release|Any CPU
		{57737FDC-A75C-4DC7-8739-C0D3D1E1C6D5}.Release|Any CPU.Build.0 = Release|Any CPU
		{5BF1F12C-FAAA-4289-86E7-491FA94087D8}.Debug|Any CPU.ActiveCfg = Debug|Any CPU
		{5BF1F12C-FAAA-4289-86E7-491FA94087D8}.Debug|Any CPU.Build.0 = Debug|Any CPU
		{5BF1F12C-FAAA-4289-86E7-491FA94087D8}.Release|Any CPU.ActiveCfg = Release|Any CPU
		{5BF1F12C-FAAA-4289-86E7-491FA94087D8}.Release|Any CPU.Build.0 = Release|Any CPU
		{6C7711BA-90DD-4623-89D1-43533F5AF93F}.Debug|Any CPU.ActiveCfg = Debug|Any CPU
		{6C7711BA-90DD-4623-89D1-43533F5AF93F}.Debug|Any CPU.Build.0 = Debug|Any CPU
		{6C7711BA-90DD-4623-89D1-43533F5AF93F}.Release|Any CPU.ActiveCfg = Release|Any CPU
		{6C7711BA-90DD-4623-89D1-43533F5AF93F}.Release|Any CPU.Build.0 = Release|Any CPU
	EndGlobalSection
	GlobalSection(SolutionProperties) = preSolution
		HideSolutionNode = FALSE
	EndGlobalSection
	GlobalSection(NestedProjects) = preSolution
		{2566972F-C6AA-4862-885E-644C5F4601D1} = {6448A055-6F44-43E8-BFCD-151E9824AD59}
		{44E67941-2CB3-46EF-B30A-6A4A01523FFA} = {2566972F-C6AA-4862-885E-644C5F4601D1}
		{F65DF711-1138-49DD-A70C-899EB64D9A59} = {2566972F-C6AA-4862-885E-644C5F4601D1}
		{53F52BA6-3AA4-438E-B32A-91191DA1C179} = {2566972F-C6AA-4862-885E-644C5F4601D1}
		{B24961C9-985E-46CC-B75C-4C64A4E8900B} = {F65DF711-1138-49DD-A70C-899EB64D9A59}
		{93922242-8744-485C-AE0C-EE0584CDA441} = {F65DF711-1138-49DD-A70C-899EB64D9A59}
		{1E1A1553-88E6-4B36-A1BA-32ECE137FD08} = {F65DF711-1138-49DD-A70C-899EB64D9A59}
		{B9ACE188-6ACE-411A-9D6B-71D107D061E0} = {F65DF711-1138-49DD-A70C-899EB64D9A59}
		{D917F4E9-9FD0-4C1D-8D7D-6BF600B605B4} = {53F52BA6-3AA4-438E-B32A-91191DA1C179}
		{3FC5FCB9-B104-43FA-99C6-92BE05220810} = {44E67941-2CB3-46EF-B30A-6A4A01523FFA}
		{2FE039D8-1828-47BC-838E-68C9FAF0B3B8} = {44E67941-2CB3-46EF-B30A-6A4A01523FFA}
		{63BED32F-F351-4D05-B43A-B063C9F75136} = {44E67941-2CB3-46EF-B30A-6A4A01523FFA}
		{7E5287D2-F9CE-48E2-A8E4-5E9A71AE6CCF} = {44E67941-2CB3-46EF-B30A-6A4A01523FFA}
		{6062226B-7C77-4A79-8D45-809DE6879B95} = {44E67941-2CB3-46EF-B30A-6A4A01523FFA}
		{B101B6DC-22DF-4D50-A43D-69324E4B671A} = {F65DF711-1138-49DD-A70C-899EB64D9A59}
		{2A8E49D1-3512-4733-896C-31D86DCE1A7C} = {D9368EA6-E6CA-4BAF-8772-EE24ECBAA924}
		{BFD5E9C2-F3FC-4E8A-8443-A43099668B8B} = {2A8E49D1-3512-4733-896C-31D86DCE1A7C}
		{2ACABCD4-68DD-4A8C-800C-58564C0BBC79} = {75A6B961-4E2D-4276-896A-56E260FE5878}
		{FC897EE9-7729-4437-863F-A79CC5DF6F8D} = {721558BA-CA09-4889-821F-862CB15F9515}
		{13662C3C-2A54-4ECF-8A27-DA33EB8AC74D} = {2ACABCD4-68DD-4A8C-800C-58564C0BBC79}
		{6278ECCD-31E5-478E-AD0D-30746FF483C1} = {2ACABCD4-68DD-4A8C-800C-58564C0BBC79}
		{5242E391-05D6-4260-8BFC-E9C611CB8ADB} = {2ACABCD4-68DD-4A8C-800C-58564C0BBC79}
		{2A87C6C5-AA99-4670-BAC3-AEAE408B105E} = {FC897EE9-7729-4437-863F-A79CC5DF6F8D}
		{50BC9D62-BE1C-4D76-84D2-DEC3269B0A6F} = {FC897EE9-7729-4437-863F-A79CC5DF6F8D}
		{A60B83A1-BE5D-4578-9786-EA448F4BA57F} = {FC897EE9-7729-4437-863F-A79CC5DF6F8D}
		{A6114C18-47C3-40FA-8BD3-630661383616} = {13662C3C-2A54-4ECF-8A27-DA33EB8AC74D}
		{951BBD0D-3F50-4A4A-A7D6-2BC54BD10421} = {13662C3C-2A54-4ECF-8A27-DA33EB8AC74D}
		{92C6A62B-4429-4EA2-9629-57CC5DFD669A} = {13662C3C-2A54-4ECF-8A27-DA33EB8AC74D}
		{7B29D9C0-FAE9-4C6A-BF1F-5854024F9A8F} = {13662C3C-2A54-4ECF-8A27-DA33EB8AC74D}
		{3F10F928-F882-43C5-949C-BDF7B97CC775} = {13662C3C-2A54-4ECF-8A27-DA33EB8AC74D}
		{8233CABA-B287-492E-B471-43C57905A649} = {6278ECCD-31E5-478E-AD0D-30746FF483C1}
		{46AC73E1-9914-4E53-BD9D-2AEFB8C54979} = {6278ECCD-31E5-478E-AD0D-30746FF483C1}
		{0526DBAF-67D3-4A83-A159-E47A7E6BE712} = {6278ECCD-31E5-478E-AD0D-30746FF483C1}
		{BDA014D0-066F-4AA4-A896-A7223DC2B32E} = {6278ECCD-31E5-478E-AD0D-30746FF483C1}
		{D9321792-C082-44BB-BDE8-DEC7422F36DD} = {6278ECCD-31E5-478E-AD0D-30746FF483C1}
		{CA1607A2-B8E8-4FC7-96F9-43CD4B3CA1F8} = {5242E391-05D6-4260-8BFC-E9C611CB8ADB}
		{A37BF8B9-75FC-4F97-8B1E-AB2CEE370999} = {2A87C6C5-AA99-4670-BAC3-AEAE408B105E}
		{57651C90-BB54-4DAF-9560-36C592E9269B} = {2A87C6C5-AA99-4670-BAC3-AEAE408B105E}
		{4BCD502F-41B8-4AC5-94F3-E6CF5B8F25FC} = {2A87C6C5-AA99-4670-BAC3-AEAE408B105E}
		{8FCAD225-7A57-4144-83C2-C7568E67F362} = {2A87C6C5-AA99-4670-BAC3-AEAE408B105E}
		{9201C0C3-8BA2-441B-9802-2D74C0249101} = {2A87C6C5-AA99-4670-BAC3-AEAE408B105E}
		{E68AAC3B-9529-40D2-8453-A287225F6501} = {50BC9D62-BE1C-4D76-84D2-DEC3269B0A6F}
		{99AC2E4C-3EF6-48E2-B201-658E4B5B38E2} = {50BC9D62-BE1C-4D76-84D2-DEC3269B0A6F}
		{9185826A-5A00-449F-B555-BB63B1967451} = {50BC9D62-BE1C-4D76-84D2-DEC3269B0A6F}
		{57737FDC-A75C-4DC7-8739-C0D3D1E1C6D5} = {50BC9D62-BE1C-4D76-84D2-DEC3269B0A6F}
		{5BF1F12C-FAAA-4289-86E7-491FA94087D8} = {50BC9D62-BE1C-4D76-84D2-DEC3269B0A6F}
		{6C7711BA-90DD-4623-89D1-43533F5AF93F} = {A60B83A1-BE5D-4578-9786-EA448F4BA57F}
	EndGlobalSection
	GlobalSection(ExtensibilityGlobals) = postSolution
		SolutionGuid = {C31E64B4-FB9E-4A99-8C5A-04B650CC67CE}
	EndGlobalSection
EndGlobal
